
Microsoft Visual Studio Solution File, Format Version 12.00
# Visual Studio Version 17
VisualStudioVersion = 17.7.34009.444
MinimumVisualStudioVersion = 10.0.40219.1
Project("{9A19103F-16F7-4668-BE54-9A1E7A4F7556}") = "AppEmployeesProyect", "AppEmployeesProyect\AppEmployeesProyect.csproj", "{0F60566D-15B7-47C0-8EE8-FBBB3BEFCC8A}"
EndProject
Project("{FAE04EC0-301F-11D3-BF4B-00C04F79EFBC}") = "AppEmployeesProyect.Tests", "AppEmployeesProyect.Tests\AppEmployeesProyect.Tests.csproj", "{139C381E-637B-45A0-8BF6-E797F705E93D}"
EndProject
Global
	GlobalSection(SolutionConfigurationPlatforms) = preSolution
		Debug|Any CPU = Debug|Any CPU
		Release|Any CPU = Release|Any CPU
	EndGlobalSection
	GlobalSection(ProjectConfigurationPlatforms) = postSolution
		{0F60566D-15B7-47C0-8EE8-FBBB3BEFCC8A}.Debug|Any CPU.ActiveCfg = Debug|Any CPU
		{0F60566D-15B7-47C0-8EE8-FBBB3BEFCC8A}.Debug|Any CPU.Build.0 = Debug|Any CPU
		{0F60566D-15B7-47C0-8EE8-FBBB3BEFCC8A}.Release|Any CPU.ActiveCfg = Release|Any CPU
		{0F60566D-15B7-47C0-8EE8-FBBB3BEFCC8A}.Release|Any CPU.Build.0 = Release|Any CPU
		{139C381E-637B-45A0-8BF6-E797F705E93D}.Debug|Any CPU.ActiveCfg = Debug|Any CPU
		{139C381E-637B-45A0-8BF6-E797F705E93D}.Debug|Any CPU.Build.0 = Debug|Any CPU
		{139C381E-637B-45A0-8BF6-E797F705E93D}.Release|Any CPU.ActiveCfg = Release|Any CPU
		{139C381E-637B-45A0-8BF6-E797F705E93D}.Release|Any CPU.Build.0 = Release|Any CPU
	EndGlobalSection
	GlobalSection(SolutionProperties) = preSolution
		HideSolutionNode = FALSE
	EndGlobalSection
	GlobalSection(ExtensibilityGlobals) = postSolution
		SolutionGuid = {748485DD-E243-443F-A908-75180EFF3AF2}
	EndGlobalSection
EndGlobal
